// !$*UTF8*$!
{
	archiveVersion = 1;
	classes = {
	};
	objectVersion = 46;
	objects = {

/* Begin PBXBuildFile section */
		2137AF78155C73D100DD2C57 /* AQPlayer_SF.m in Sources */ = {isa = PBXBuildFile; fileRef = 2137AF5D155C73D100DD2C57 /* AQPlayer_SF.m */; };
		2137AF79155C73D100DD2C57 /* AQPlayer_Synth.m in Sources */ = {isa = PBXBuildFile; fileRef = 2137AF5F155C73D100DD2C57 /* AQPlayer_Synth.m */; };
		2137AF7A155C73D100DD2C57 /* AQPlayer.m in Sources */ = {isa = PBXBuildFile; fileRef = 2137AF61155C73D100DD2C57 /* AQPlayer.m */; };
		217A37CB155B542400201779 /* UIKit.framework in Frameworks */ = {isa = PBXBuildFile; fileRef = 217A37CA155B542400201779 /* UIKit.framework */; };
		217A37CD155B542400201779 /* Foundation.framework in Frameworks */ = {isa = PBXBuildFile; fileRef = 217A37CC155B542400201779 /* Foundation.framework */; };
		217A37CF155B542400201779 /* CoreGraphics.framework in Frameworks */ = {isa = PBXBuildFile; fileRef = 217A37CE155B542400201779 /* CoreGraphics.framework */; };
		217A37D5155B542400201779 /* InfoPlist.strings in Resources */ = {isa = PBXBuildFile; fileRef = 217A37D3155B542400201779 /* InfoPlist.strings */; };
		217A37D7155B542400201779 /* main.m in Sources */ = {isa = PBXBuildFile; fileRef = 217A37D6155B542400201779 /* main.m */; };
		217A37DB155B542400201779 /* AppDelegate.m in Sources */ = {isa = PBXBuildFile; fileRef = 217A37DA155B542400201779 /* AppDelegate.m */; };
		217A37DE155B542400201779 /* ViewController.m in Sources */ = {isa = PBXBuildFile; fileRef = 217A37DD155B542400201779 /* ViewController.m */; };
		217A37EC155B542400201779 /* SenTestingKit.framework in Frameworks */ = {isa = PBXBuildFile; fileRef = 217A37EB155B542400201779 /* SenTestingKit.framework */; };
		217A37ED155B542400201779 /* UIKit.framework in Frameworks */ = {isa = PBXBuildFile; fileRef = 217A37CA155B542400201779 /* UIKit.framework */; };
		217A37EE155B542400201779 /* Foundation.framework in Frameworks */ = {isa = PBXBuildFile; fileRef = 217A37CC155B542400201779 /* Foundation.framework */; };
		217A37F6155B542400201779 /* InfoPlist.strings in Resources */ = {isa = PBXBuildFile; fileRef = 217A37F4155B542400201779 /* InfoPlist.strings */; };
		217A37F9155B542400201779 /* Group4ProjectTests.m in Sources */ = {isa = PBXBuildFile; fileRef = 217A37F8155B542400201779 /* Group4ProjectTests.m */; };
		21D6E890155C744E003B5254 /* MyView.m in Sources */ = {isa = PBXBuildFile; fileRef = 21D6E883155C744E003B5254 /* MyView.m */; };
		21D6E891155C744E003B5254 /* Note.m in Sources */ = {isa = PBXBuildFile; fileRef = 21D6E885155C744E003B5254 /* Note.m */; };
		21D6E892155C744E003B5254 /* Sequence.m in Sources */ = {isa = PBXBuildFile; fileRef = 21D6E887155C744E003B5254 /* Sequence.m */; };
		21D6E893155C744E003B5254 /* Sequencer.m in Sources */ = {isa = PBXBuildFile; fileRef = 21D6E889155C744E003B5254 /* Sequencer.m */; };
		21D6E894155C744E003B5254 /* Singleton.m in Sources */ = {isa = PBXBuildFile; fileRef = 21D6E88B155C744E003B5254 /* Singleton.m */; };
		21D6E895155C744E003B5254 /* SoundFile.m in Sources */ = {isa = PBXBuildFile; fileRef = 21D6E88D155C744E003B5254 /* SoundFile.m */; };
		21D6E896155C744E003B5254 /* ViewController_iPad.xib in Resources */ = {isa = PBXBuildFile; fileRef = 21D6E88E155C744E003B5254 /* ViewController_iPad.xib */; };
		21D6E897155C744E003B5254 /* ViewController_iPhone.xib in Resources */ = {isa = PBXBuildFile; fileRef = 21D6E88F155C744E003B5254 /* ViewController_iPhone.xib */; };
		21D6E899155C748C003B5254 /* AudioToolbox.framework in Frameworks */ = {isa = PBXBuildFile; fileRef = 21D6E898155C748C003B5254 /* AudioToolbox.framework */; };
		21D6E8A0155C74B2003B5254 /* Voice_Sine.m in Sources */ = {isa = PBXBuildFile; fileRef = 21D6E89B155C74B2003B5254 /* Voice_Sine.m */; };
		21D6E8A1155C74B2003B5254 /* Voice_Synth.m in Sources */ = {isa = PBXBuildFile; fileRef = 21D6E89D155C74B2003B5254 /* Voice_Synth.m */; };
		21D6E8A2155C74B2003B5254 /* Voice.m in Sources */ = {isa = PBXBuildFile; fileRef = 21D6E89F155C74B2003B5254 /* Voice.m */; };
		7A11273C156D9C0200A1BFD5 /* AQRecorder.m in Sources */ = {isa = PBXBuildFile; fileRef = 7A112733156D9C0200A1BFD5 /* AQRecorder.m */; };
		7A11273D156D9C0200A1BFD5 /* Effect_Biquad.m in Sources */ = {isa = PBXBuildFile; fileRef = 7A112735156D9C0200A1BFD5 /* Effect_Biquad.m */; };
		7A11273E156D9C0200A1BFD5 /* Effect_Limiter.m in Sources */ = {isa = PBXBuildFile; fileRef = 7A112737156D9C0200A1BFD5 /* Effect_Limiter.m */; };
		7A11273F156D9C0200A1BFD5 /* Effect.m in Sources */ = {isa = PBXBuildFile; fileRef = 7A112739156D9C0200A1BFD5 /* Effect.m */; };
		7A112740156D9C0200A1BFD5 /* Envelope.m in Sources */ = {isa = PBXBuildFile; fileRef = 7A11273B156D9C0200A1BFD5 /* Envelope.m */; };
		7A20D5E1156DC1F90054ADD2 /* AQPlayer_SynthSF.m in Sources */ = {isa = PBXBuildFile; fileRef = 7A20D5E0156DC1F90054ADD2 /* AQPlayer_SynthSF.m */; };
		7A48154F1565E8E1000354D5 /* 147-song-with_keys.aif in Resources */ = {isa = PBXBuildFile; fileRef = 7A48154E1565E8E1000354D5 /* 147-song-with_keys.aif */; };
		7A4815611565EFDC000354D5 /* 147-song-mono.aif in Resources */ = {isa = PBXBuildFile; fileRef = 7A4815601565EFDC000354D5 /* 147-song-mono.aif */; };
		7A650B1F1564767600FE0CFB /* Voice_Wavetable.m in Sources */ = {isa = PBXBuildFile; fileRef = 7A650B1E1564767600FE0CFB /* Voice_Wavetable.m */; };
/* End PBXBuildFile section */

/* Begin PBXContainerItemProxy section */
		217A37EF155B542400201779 /* PBXContainerItemProxy */ = {
			isa = PBXContainerItemProxy;
			containerPortal = 217A37BD155B542300201779 /* Project object */;
			proxyType = 1;
			remoteGlobalIDString = 217A37C5155B542300201779;
			remoteInfo = Group4Project;
		};
/* End PBXContainerItemProxy section */

/* Begin PBXFileReference section */
		2137AF5C155C73D100DD2C57 /* AQPlayer_SF.h */ = {isa = PBXFileReference; fileEncoding = 4; lastKnownFileType = sourcecode.c.h; path = AQPlayer_SF.h; sourceTree = "<group>"; };
		2137AF5D155C73D100DD2C57 /* AQPlayer_SF.m */ = {isa = PBXFileReference; fileEncoding = 4; lastKnownFileType = sourcecode.c.objc; path = AQPlayer_SF.m; sourceTree = "<group>"; };
		2137AF5E155C73D100DD2C57 /* AQPlayer_Synth.h */ = {isa = PBXFileReference; fileEncoding = 4; lastKnownFileType = sourcecode.c.h; path = AQPlayer_Synth.h; sourceTree = "<group>"; };
		2137AF5F155C73D100DD2C57 /* AQPlayer_Synth.m */ = {isa = PBXFileReference; fileEncoding = 4; lastKnownFileType = sourcecode.c.objc; path = AQPlayer_Synth.m; sourceTree = "<group>"; };
		2137AF60155C73D100DD2C57 /* AQPlayer.h */ = {isa = PBXFileReference; fileEncoding = 4; lastKnownFileType = sourcecode.c.h; path = AQPlayer.h; sourceTree = "<group>"; };
		2137AF61155C73D100DD2C57 /* AQPlayer.m */ = {isa = PBXFileReference; fileEncoding = 4; lastKnownFileType = sourcecode.c.objc; path = AQPlayer.m; sourceTree = "<group>"; };
		217A37C6155B542400201779 /* Group4Project.app */ = {isa = PBXFileReference; explicitFileType = wrapper.application; includeInIndex = 0; path = Group4Project.app; sourceTree = BUILT_PRODUCTS_DIR; };
		217A37CA155B542400201779 /* UIKit.framework */ = {isa = PBXFileReference; lastKnownFileType = wrapper.framework; name = UIKit.framework; path = System/Library/Frameworks/UIKit.framework; sourceTree = SDKROOT; };
		217A37CC155B542400201779 /* Foundation.framework */ = {isa = PBXFileReference; lastKnownFileType = wrapper.framework; name = Foundation.framework; path = System/Library/Frameworks/Foundation.framework; sourceTree = SDKROOT; };
		217A37CE155B542400201779 /* CoreGraphics.framework */ = {isa = PBXFileReference; lastKnownFileType = wrapper.framework; name = CoreGraphics.framework; path = System/Library/Frameworks/CoreGraphics.framework; sourceTree = SDKROOT; };
		217A37D2155B542400201779 /* Group4Project-Info.plist */ = {isa = PBXFileReference; lastKnownFileType = text.plist.xml; path = "Group4Project-Info.plist"; sourceTree = "<group>"; };
		217A37D4155B542400201779 /* en */ = {isa = PBXFileReference; lastKnownFileType = text.plist.strings; name = en; path = en.lproj/InfoPlist.strings; sourceTree = "<group>"; };
		217A37D6155B542400201779 /* main.m */ = {isa = PBXFileReference; lastKnownFileType = sourcecode.c.objc; path = main.m; sourceTree = "<group>"; };
		217A37D8155B542400201779 /* Group4Project-Prefix.pch */ = {isa = PBXFileReference; lastKnownFileType = sourcecode.c.h; path = "Group4Project-Prefix.pch"; sourceTree = "<group>"; };
		217A37D9155B542400201779 /* AppDelegate.h */ = {isa = PBXFileReference; lastKnownFileType = sourcecode.c.h; path = AppDelegate.h; sourceTree = "<group>"; };
		217A37DA155B542400201779 /* AppDelegate.m */ = {isa = PBXFileReference; lastKnownFileType = sourcecode.c.objc; path = AppDelegate.m; sourceTree = "<group>"; };
		217A37DC155B542400201779 /* ViewController.h */ = {isa = PBXFileReference; lastKnownFileType = sourcecode.c.h; path = ViewController.h; sourceTree = "<group>"; };
		217A37DD155B542400201779 /* ViewController.m */ = {isa = PBXFileReference; lastKnownFileType = sourcecode.c.objc; path = ViewController.m; sourceTree = "<group>"; };
		217A37EA155B542400201779 /* Group4ProjectTests.octest */ = {isa = PBXFileReference; explicitFileType = wrapper.cfbundle; includeInIndex = 0; path = Group4ProjectTests.octest; sourceTree = BUILT_PRODUCTS_DIR; };
		217A37EB155B542400201779 /* SenTestingKit.framework */ = {isa = PBXFileReference; lastKnownFileType = wrapper.framework; name = SenTestingKit.framework; path = Library/Frameworks/SenTestingKit.framework; sourceTree = DEVELOPER_DIR; };
		217A37F3155B542400201779 /* Group4ProjectTests-Info.plist */ = {isa = PBXFileReference; lastKnownFileType = text.plist.xml; path = "Group4ProjectTests-Info.plist"; sourceTree = "<group>"; };
		217A37F5155B542400201779 /* en */ = {isa = PBXFileReference; lastKnownFileType = text.plist.strings; name = en; path = en.lproj/InfoPlist.strings; sourceTree = "<group>"; };
		217A37F7155B542400201779 /* Group4ProjectTests.h */ = {isa = PBXFileReference; lastKnownFileType = sourcecode.c.h; path = Group4ProjectTests.h; sourceTree = "<group>"; };
		217A37F8155B542400201779 /* Group4ProjectTests.m */ = {isa = PBXFileReference; lastKnownFileType = sourcecode.c.objc; path = Group4ProjectTests.m; sourceTree = "<group>"; };
		21D6E882155C744E003B5254 /* MyView.h */ = {isa = PBXFileReference; fileEncoding = 4; lastKnownFileType = sourcecode.c.h; path = MyView.h; sourceTree = "<group>"; };
		21D6E883155C744E003B5254 /* MyView.m */ = {isa = PBXFileReference; fileEncoding = 4; lastKnownFileType = sourcecode.c.objc; path = MyView.m; sourceTree = "<group>"; };
		21D6E884155C744E003B5254 /* Note.h */ = {isa = PBXFileReference; fileEncoding = 4; lastKnownFileType = sourcecode.c.h; path = Note.h; sourceTree = "<group>"; };
		21D6E885155C744E003B5254 /* Note.m */ = {isa = PBXFileReference; fileEncoding = 4; lastKnownFileType = sourcecode.c.objc; path = Note.m; sourceTree = "<group>"; };
		21D6E886155C744E003B5254 /* Sequence.h */ = {isa = PBXFileReference; fileEncoding = 4; lastKnownFileType = sourcecode.c.h; path = Sequence.h; sourceTree = "<group>"; };
		21D6E887155C744E003B5254 /* Sequence.m */ = {isa = PBXFileReference; fileEncoding = 4; lastKnownFileType = sourcecode.c.objc; path = Sequence.m; sourceTree = "<group>"; };
		21D6E888155C744E003B5254 /* Sequencer.h */ = {isa = PBXFileReference; fileEncoding = 4; lastKnownFileType = sourcecode.c.h; path = Sequencer.h; sourceTree = "<group>"; };
		21D6E889155C744E003B5254 /* Sequencer.m */ = {isa = PBXFileReference; fileEncoding = 4; lastKnownFileType = sourcecode.c.objc; path = Sequencer.m; sourceTree = "<group>"; };
		21D6E88A155C744E003B5254 /* Singleton.h */ = {isa = PBXFileReference; fileEncoding = 4; lastKnownFileType = sourcecode.c.h; path = Singleton.h; sourceTree = "<group>"; };
		21D6E88B155C744E003B5254 /* Singleton.m */ = {isa = PBXFileReference; fileEncoding = 4; lastKnownFileType = sourcecode.c.objc; path = Singleton.m; sourceTree = "<group>"; };
		21D6E88C155C744E003B5254 /* SoundFile.h */ = {isa = PBXFileReference; fileEncoding = 4; lastKnownFileType = sourcecode.c.h; path = SoundFile.h; sourceTree = "<group>"; };
		21D6E88D155C744E003B5254 /* SoundFile.m */ = {isa = PBXFileReference; fileEncoding = 4; lastKnownFileType = sourcecode.c.objc; path = SoundFile.m; sourceTree = "<group>"; };
		21D6E88E155C744E003B5254 /* ViewController_iPad.xib */ = {isa = PBXFileReference; fileEncoding = 4; lastKnownFileType = file.xib; path = ViewController_iPad.xib; sourceTree = "<group>"; };
		21D6E88F155C744E003B5254 /* ViewController_iPhone.xib */ = {isa = PBXFileReference; fileEncoding = 4; lastKnownFileType = file.xib; path = ViewController_iPhone.xib; sourceTree = "<group>"; };
		21D6E898155C748C003B5254 /* AudioToolbox.framework */ = {isa = PBXFileReference; lastKnownFileType = wrapper.framework; name = AudioToolbox.framework; path = System/Library/Frameworks/AudioToolbox.framework; sourceTree = SDKROOT; };
		21D6E89A155C74B2003B5254 /* Voice_Sine.h */ = {isa = PBXFileReference; fileEncoding = 4; lastKnownFileType = sourcecode.c.h; path = Voice_Sine.h; sourceTree = "<group>"; };
		21D6E89B155C74B2003B5254 /* Voice_Sine.m */ = {isa = PBXFileReference; fileEncoding = 4; lastKnownFileType = sourcecode.c.objc; path = Voice_Sine.m; sourceTree = "<group>"; };
		21D6E89C155C74B2003B5254 /* Voice_Synth.h */ = {isa = PBXFileReference; fileEncoding = 4; lastKnownFileType = sourcecode.c.h; path = Voice_Synth.h; sourceTree = "<group>"; };
		21D6E89D155C74B2003B5254 /* Voice_Synth.m */ = {isa = PBXFileReference; fileEncoding = 4; lastKnownFileType = sourcecode.c.objc; path = Voice_Synth.m; sourceTree = "<group>"; };
		21D6E89E155C74B2003B5254 /* Voice.h */ = {isa = PBXFileReference; fileEncoding = 4; lastKnownFileType = sourcecode.c.h; path = Voice.h; sourceTree = "<group>"; };
		21D6E89F155C74B2003B5254 /* Voice.m */ = {isa = PBXFileReference; fileEncoding = 4; lastKnownFileType = sourcecode.c.objc; path = Voice.m; sourceTree = "<group>"; };
		7A112732156D9C0200A1BFD5 /* AQRecorder.h */ = {isa = PBXFileReference; fileEncoding = 4; lastKnownFileType = sourcecode.c.h; path = AQRecorder.h; sourceTree = "<group>"; };
		7A112733156D9C0200A1BFD5 /* AQRecorder.m */ = {isa = PBXFileReference; fileEncoding = 4; lastKnownFileType = sourcecode.c.objc; path = AQRecorder.m; sourceTree = "<group>"; };
		7A112734156D9C0200A1BFD5 /* Effect_Biquad.h */ = {isa = PBXFileReference; fileEncoding = 4; lastKnownFileType = sourcecode.c.h; path = Effect_Biquad.h; sourceTree = "<group>"; };
		7A112735156D9C0200A1BFD5 /* Effect_Biquad.m */ = {isa = PBXFileReference; fileEncoding = 4; lastKnownFileType = sourcecode.c.objc; path = Effect_Biquad.m; sourceTree = "<group>"; };
		7A112736156D9C0200A1BFD5 /* Effect_Limiter.h */ = {isa = PBXFileReference; fileEncoding = 4; lastKnownFileType = sourcecode.c.h; path = Effect_Limiter.h; sourceTree = "<group>"; };
		7A112737156D9C0200A1BFD5 /* Effect_Limiter.m */ = {isa = PBXFileReference; fileEncoding = 4; lastKnownFileType = sourcecode.c.objc; path = Effect_Limiter.m; sourceTree = "<group>"; };
		7A112738156D9C0200A1BFD5 /* Effect.h */ = {isa = PBXFileReference; fileEncoding = 4; lastKnownFileType = sourcecode.c.h; path = Effect.h; sourceTree = "<group>"; };
		7A112739156D9C0200A1BFD5 /* Effect.m */ = {isa = PBXFileReference; fileEncoding = 4; lastKnownFileType = sourcecode.c.objc; path = Effect.m; sourceTree = "<group>"; };
		7A11273A156D9C0200A1BFD5 /* Envelope.h */ = {isa = PBXFileReference; fileEncoding = 4; lastKnownFileType = sourcecode.c.h; path = Envelope.h; sourceTree = "<group>"; };
		7A11273B156D9C0200A1BFD5 /* Envelope.m */ = {isa = PBXFileReference; fileEncoding = 4; lastKnownFileType = sourcecode.c.objc; path = Envelope.m; sourceTree = "<group>"; };
		7A20D5DF156DC1F80054ADD2 /* AQPlayer_SynthSF.h */ = {isa = PBXFileReference; fileEncoding = 4; lastKnownFileType = sourcecode.c.h; path = AQPlayer_SynthSF.h; sourceTree = "<group>"; };
		7A20D5E0156DC1F90054ADD2 /* AQPlayer_SynthSF.m */ = {isa = PBXFileReference; fileEncoding = 4; lastKnownFileType = sourcecode.c.objc; path = AQPlayer_SynthSF.m; sourceTree = "<group>"; };
		7A48154E1565E8E1000354D5 /* 147-song-with_keys.aif */ = {isa = PBXFileReference; lastKnownFileType = file; path = "147-song-with_keys.aif"; sourceTree = "<group>"; };
		7A4815601565EFDC000354D5 /* 147-song-mono.aif */ = {isa = PBXFileReference; lastKnownFileType = file; path = "147-song-mono.aif"; sourceTree = "<group>"; };
		7A650B1D1564767600FE0CFB /* Voice_Wavetable.h */ = {isa = PBXFileReference; fileEncoding = 4; lastKnownFileType = sourcecode.c.h; path = Voice_Wavetable.h; sourceTree = "<group>"; };
		7A650B1E1564767600FE0CFB /* Voice_Wavetable.m */ = {isa = PBXFileReference; fileEncoding = 4; lastKnownFileType = sourcecode.c.objc; path = Voice_Wavetable.m; sourceTree = "<group>"; };
/* End PBXFileReference section */

/* Begin PBXFrameworksBuildPhase section */
		217A37C3155B542300201779 /* Frameworks */ = {
			isa = PBXFrameworksBuildPhase;
			buildActionMask = 2147483647;
			files = (
				21D6E899155C748C003B5254 /* AudioToolbox.framework in Frameworks */,
				217A37CB155B542400201779 /* UIKit.framework in Frameworks */,
				217A37CD155B542400201779 /* Foundation.framework in Frameworks */,
				217A37CF155B542400201779 /* CoreGraphics.framework in Frameworks */,
			);
			runOnlyForDeploymentPostprocessing = 0;
		};
		217A37E6155B542400201779 /* Frameworks */ = {
			isa = PBXFrameworksBuildPhase;
			buildActionMask = 2147483647;
			files = (
				217A37EC155B542400201779 /* SenTestingKit.framework in Frameworks */,
				217A37ED155B542400201779 /* UIKit.framework in Frameworks */,
				217A37EE155B542400201779 /* Foundation.framework in Frameworks */,
			);
			runOnlyForDeploymentPostprocessing = 0;
		};
/* End PBXFrameworksBuildPhase section */

/* Begin PBXGroup section */
		217A37BB155B542300201779 = {
			isa = PBXGroup;
			children = (
				21D6E898155C748C003B5254 /* AudioToolbox.framework */,
				217A37D0155B542400201779 /* Group4Project */,
				217A37F1155B542400201779 /* Group4ProjectTests */,
				217A37C9155B542400201779 /* Frameworks */,
				217A37C7155B542400201779 /* Products */,
			);
			sourceTree = "<group>";
		};
		217A37C7155B542400201779 /* Products */ = {
			isa = PBXGroup;
			children = (
				217A37C6155B542400201779 /* Group4Project.app */,
				217A37EA155B542400201779 /* Group4ProjectTests.octest */,
			);
			name = Products;
			sourceTree = "<group>";
		};
		217A37C9155B542400201779 /* Frameworks */ = {
			isa = PBXGroup;
			children = (
				217A37CA155B542400201779 /* UIKit.framework */,
				217A37CC155B542400201779 /* Foundation.framework */,
				217A37CE155B542400201779 /* CoreGraphics.framework */,
				217A37EB155B542400201779 /* SenTestingKit.framework */,
			);
			name = Frameworks;
			sourceTree = "<group>";
		};
		217A37D0155B542400201779 /* Group4Project */ = {
			isa = PBXGroup;
			children = (
				7A48154E1565E8E1000354D5 /* 147-song-with_keys.aif */,
				7A4815601565EFDC000354D5 /* 147-song-mono.aif */,
				217A37D9155B542400201779 /* AppDelegate.h */,
				217A37DA155B542400201779 /* AppDelegate.m */,
				2137AF5C155C73D100DD2C57 /* AQPlayer_SF.h */,
				2137AF5D155C73D100DD2C57 /* AQPlayer_SF.m */,
				2137AF5E155C73D100DD2C57 /* AQPlayer_Synth.h */,
				7A20D5DF156DC1F80054ADD2 /* AQPlayer_SynthSF.h */,
				7A20D5E0156DC1F90054ADD2 /* AQPlayer_SynthSF.m */,
				2137AF5F155C73D100DD2C57 /* AQPlayer_Synth.m */,
				2137AF60155C73D100DD2C57 /* AQPlayer.h */,
				2137AF61155C73D100DD2C57 /* AQPlayer.m */,
				7A112732156D9C0200A1BFD5 /* AQRecorder.h */,
				7A112733156D9C0200A1BFD5 /* AQRecorder.m */,
				7A112738156D9C0200A1BFD5 /* Effect.h */,
				7A112739156D9C0200A1BFD5 /* Effect.m */,
				7A112734156D9C0200A1BFD5 /* Effect_Biquad.h */,
				7A112735156D9C0200A1BFD5 /* Effect_Biquad.m */,
				7A112736156D9C0200A1BFD5 /* Effect_Limiter.h */,
				7A112737156D9C0200A1BFD5 /* Effect_Limiter.m */,
				7A11273A156D9C0200A1BFD5 /* Envelope.h */,
				7A11273B156D9C0200A1BFD5 /* Envelope.m */,
				21D6E882155C744E003B5254 /* MyView.h */,
				21D6E883155C744E003B5254 /* MyView.m */,
				21D6E884155C744E003B5254 /* Note.h */,
				21D6E885155C744E003B5254 /* Note.m */,
				21D6E886155C744E003B5254 /* Sequence.h */,
				21D6E887155C744E003B5254 /* Sequence.m */,
				21D6E888155C744E003B5254 /* Sequencer.h */,
				21D6E889155C744E003B5254 /* Sequencer.m */,
				21D6E88A155C744E003B5254 /* Singleton.h */,
				21D6E88B155C744E003B5254 /* Singleton.m */,
				21D6E88C155C744E003B5254 /* SoundFile.h */,
				21D6E88D155C744E003B5254 /* SoundFile.m */,
				217A37DD155B542400201779 /* ViewController.m */,
				217A37DC155B542400201779 /* ViewController.h */,
				21D6E88E155C744E003B5254 /* ViewController_iPad.xib */,
				21D6E88F155C744E003B5254 /* ViewController_iPhone.xib */,
				21D6E89A155C74B2003B5254 /* Voice_Sine.h */,
				21D6E89B155C74B2003B5254 /* Voice_Sine.m */,
				21D6E89C155C74B2003B5254 /* Voice_Synth.h */,
				7A650B1D1564767600FE0CFB /* Voice_Wavetable.h */,
				7A650B1E1564767600FE0CFB /* Voice_Wavetable.m */,
				21D6E89D155C74B2003B5254 /* Voice_Synth.m */,
				21D6E89E155C74B2003B5254 /* Voice.h */,
				21D6E89F155C74B2003B5254 /* Voice.m */,
				217A37D1155B542400201779 /* Supporting Files */,
			);
			path = Group4Project;
			sourceTree = "<group>";
		};
		217A37D1155B542400201779 /* Supporting Files */ = {
			isa = PBXGroup;
			children = (
				217A37D2155B542400201779 /* Group4Project-Info.plist */,
				217A37D3155B542400201779 /* InfoPlist.strings */,
				217A37D6155B542400201779 /* main.m */,
				217A37D8155B542400201779 /* Group4Project-Prefix.pch */,
			);
			name = "Supporting Files";
			sourceTree = "<group>";
		};
		217A37F1155B542400201779 /* Group4ProjectTests */ = {
			isa = PBXGroup;
			children = (
				217A37F7155B542400201779 /* Group4ProjectTests.h */,
				217A37F8155B542400201779 /* Group4ProjectTests.m */,
				217A37F2155B542400201779 /* Supporting Files */,
			);
			path = Group4ProjectTests;
			sourceTree = "<group>";
		};
		217A37F2155B542400201779 /* Supporting Files */ = {
			isa = PBXGroup;
			children = (
				217A37F3155B542400201779 /* Group4ProjectTests-Info.plist */,
				217A37F4155B542400201779 /* InfoPlist.strings */,
			);
			name = "Supporting Files";
			sourceTree = "<group>";
		};
/* End PBXGroup section */

/* Begin PBXNativeTarget section */
		217A37C5155B542300201779 /* Group4Project */ = {
			isa = PBXNativeTarget;
			buildConfigurationList = 217A37FC155B542400201779 /* Build configuration list for PBXNativeTarget "Group4Project" */;
			buildPhases = (
				217A37C2155B542300201779 /* Sources */,
				217A37C3155B542300201779 /* Frameworks */,
				217A37C4155B542300201779 /* Resources */,
			);
			buildRules = (
			);
			dependencies = (
			);
			name = Group4Project;
			productName = Group4Project;
			productReference = 217A37C6155B542400201779 /* Group4Project.app */;
			productType = "com.apple.product-type.application";
		};
		217A37E9155B542400201779 /* Group4ProjectTests */ = {
			isa = PBXNativeTarget;
			buildConfigurationList = 217A37FF155B542400201779 /* Build configuration list for PBXNativeTarget "Group4ProjectTests" */;
			buildPhases = (
				217A37E5155B542400201779 /* Sources */,
				217A37E6155B542400201779 /* Frameworks */,
				217A37E7155B542400201779 /* Resources */,
				217A37E8155B542400201779 /* ShellScript */,
			);
			buildRules = (
			);
			dependencies = (
				217A37F0155B542400201779 /* PBXTargetDependency */,
			);
			name = Group4ProjectTests;
			productName = Group4ProjectTests;
			productReference = 217A37EA155B542400201779 /* Group4ProjectTests.octest */;
			productType = "com.apple.product-type.bundle";
		};
/* End PBXNativeTarget section */

/* Begin PBXProject section */
		217A37BD155B542300201779 /* Project object */ = {
			isa = PBXProject;
			attributes = {
				LastUpgradeCheck = 0420;
			};
			buildConfigurationList = 217A37C0155B542300201779 /* Build configuration list for PBXProject "Group4Project" */;
			compatibilityVersion = "Xcode 3.2";
			developmentRegion = English;
			hasScannedForEncodings = 0;
			knownRegions = (
				en,
			);
			mainGroup = 217A37BB155B542300201779;
			productRefGroup = 217A37C7155B542400201779 /* Products */;
			projectDirPath = "";
			projectRoot = "";
			targets = (
				217A37C5155B542300201779 /* Group4Project */,
				217A37E9155B542400201779 /* Group4ProjectTests */,
			);
		};
/* End PBXProject section */

/* Begin PBXResourcesBuildPhase section */
		217A37C4155B542300201779 /* Resources */ = {
			isa = PBXResourcesBuildPhase;
			buildActionMask = 2147483647;
			files = (
				217A37D5155B542400201779 /* InfoPlist.strings in Resources */,
				21D6E896155C744E003B5254 /* ViewController_iPad.xib in Resources */,
				21D6E897155C744E003B5254 /* ViewController_iPhone.xib in Resources */,
				7A48154F1565E8E1000354D5 /* 147-song-with_keys.aif in Resources */,
				7A4815611565EFDC000354D5 /* 147-song-mono.aif in Resources */,
			);
			runOnlyForDeploymentPostprocessing = 0;
		};
		217A37E7155B542400201779 /* Resources */ = {
			isa = PBXResourcesBuildPhase;
			buildActionMask = 2147483647;
			files = (
				217A37F6155B542400201779 /* InfoPlist.strings in Resources */,
			);
			runOnlyForDeploymentPostprocessing = 0;
		};
/* End PBXResourcesBuildPhase section */

/* Begin PBXShellScriptBuildPhase section */
		217A37E8155B542400201779 /* ShellScript */ = {
			isa = PBXShellScriptBuildPhase;
			buildActionMask = 2147483647;
			files = (
			);
			inputPaths = (
			);
			outputPaths = (
			);
			runOnlyForDeploymentPostprocessing = 0;
			shellPath = /bin/sh;
			shellScript = "# Run the unit tests in this test bundle.\n\"${SYSTEM_DEVELOPER_DIR}/Tools/RunUnitTests\"\n";
		};
/* End PBXShellScriptBuildPhase section */

/* Begin PBXSourcesBuildPhase section */
		217A37C2155B542300201779 /* Sources */ = {
			isa = PBXSourcesBuildPhase;
			buildActionMask = 2147483647;
			files = (
				217A37D7155B542400201779 /* main.m in Sources */,
				217A37DB155B542400201779 /* AppDelegate.m in Sources */,
				217A37DE155B542400201779 /* ViewController.m in Sources */,
				2137AF78155C73D100DD2C57 /* AQPlayer_SF.m in Sources */,
				2137AF79155C73D100DD2C57 /* AQPlayer_Synth.m in Sources */,
				2137AF7A155C73D100DD2C57 /* AQPlayer.m in Sources */,
				21D6E890155C744E003B5254 /* MyView.m in Sources */,
				21D6E891155C744E003B5254 /* Note.m in Sources */,
				21D6E892155C744E003B5254 /* Sequence.m in Sources */,
				21D6E893155C744E003B5254 /* Sequencer.m in Sources */,
				21D6E894155C744E003B5254 /* Singleton.m in Sources */,
				21D6E895155C744E003B5254 /* SoundFile.m in Sources */,
				21D6E8A0155C74B2003B5254 /* Voice_Sine.m in Sources */,
				21D6E8A1155C74B2003B5254 /* Voice_Synth.m in Sources */,
				21D6E8A2155C74B2003B5254 /* Voice.m in Sources */,
				7A650B1F1564767600FE0CFB /* Voice_Wavetable.m in Sources */,
				7A11273C156D9C0200A1BFD5 /* AQRecorder.m in Sources */,
				7A11273D156D9C0200A1BFD5 /* Effect_Biquad.m in Sources */,
				7A11273E156D9C0200A1BFD5 /* Effect_Limiter.m in Sources */,
				7A11273F156D9C0200A1BFD5 /* Effect.m in Sources */,
				7A112740156D9C0200A1BFD5 /* Envelope.m in Sources */,
				7A20D5E1156DC1F90054ADD2 /* AQPlayer_SynthSF.m in Sources */,
			);
			runOnlyForDeploymentPostprocessing = 0;
		};
		217A37E5155B542400201779 /* Sources */ = {
			isa = PBXSourcesBuildPhase;
			buildActionMask = 2147483647;
			files = (
				217A37F9155B542400201779 /* Group4ProjectTests.m in Sources */,
			);
			runOnlyForDeploymentPostprocessing = 0;
		};
/* End PBXSourcesBuildPhase section */

/* Begin PBXTargetDependency section */
		217A37F0155B542400201779 /* PBXTargetDependency */ = {
			isa = PBXTargetDependency;
			target = 217A37C5155B542300201779 /* Group4Project */;
			targetProxy = 217A37EF155B542400201779 /* PBXContainerItemProxy */;
		};
/* End PBXTargetDependency section */

/* Begin PBXVariantGroup section */
		217A37D3155B542400201779 /* InfoPlist.strings */ = {
			isa = PBXVariantGroup;
			children = (
				217A37D4155B542400201779 /* en */,
			);
			name = InfoPlist.strings;
			sourceTree = "<group>";
		};
		217A37F4155B542400201779 /* InfoPlist.strings */ = {
			isa = PBXVariantGroup;
			children = (
				217A37F5155B542400201779 /* en */,
			);
			name = InfoPlist.strings;
			sourceTree = "<group>";
		};
/* End PBXVariantGroup section */

/* Begin XCBuildConfiguration section */
		217A37FA155B542400201779 /* Debug */ = {
			isa = XCBuildConfiguration;
			buildSettings = {
				ALWAYS_SEARCH_USER_PATHS = NO;
				ARCHS = (
					armv6,
					"$(ARCHS_STANDARD_32_BIT)",
				);
				CLANG_ENABLE_OBJC_ARC = YES;
				"CODE_SIGN_IDENTITY[sdk=iphoneos*]" = "iPhone Developer";
				COPY_PHASE_STRIP = NO;
				GCC_C_LANGUAGE_STANDARD = gnu99;
				GCC_DYNAMIC_NO_PIC = NO;
				GCC_OPTIMIZATION_LEVEL = 0;
				GCC_PREPROCESSOR_DEFINITIONS = (
					"DEBUG=1",
					"$(inherited)",
				);
				GCC_SYMBOLS_PRIVATE_EXTERN = NO;
				GCC_VERSION = com.apple.compilers.llvm.clang.1_0;
				GCC_WARN_ABOUT_MISSING_PROTOTYPES = YES;
				GCC_WARN_ABOUT_RETURN_TYPE = YES;
				GCC_WARN_UNUSED_VARIABLE = YES;
				IPHONEOS_DEPLOYMENT_TARGET = 4.2;
				SDKROOT = iphoneos;
				TARGETED_DEVICE_FAMILY = "1,2";
			};
			name = Debug;
		};
		217A37FB155B542400201779 /* Release */ = {
			isa = XCBuildConfiguration;
			buildSettings = {
				ALWAYS_SEARCH_USER_PATHS = NO;
				ARCHS = (
					armv6,
					"$(ARCHS_STANDARD_32_BIT)",
				);
				CLANG_ENABLE_OBJC_ARC = YES;
				"CODE_SIGN_IDENTITY[sdk=iphoneos*]" = "iPhone Developer";
				COPY_PHASE_STRIP = YES;
				GCC_C_LANGUAGE_STANDARD = gnu99;
				GCC_VERSION = com.apple.compilers.llvm.clang.1_0;
				GCC_WARN_ABOUT_MISSING_PROTOTYPES = YES;
				GCC_WARN_ABOUT_RETURN_TYPE = YES;
				GCC_WARN_UNUSED_VARIABLE = YES;
				IPHONEOS_DEPLOYMENT_TARGET = 4.2;
				OTHER_CFLAGS = "-DNS_BLOCK_ASSERTIONS=1";
				SDKROOT = iphoneos;
				TARGETED_DEVICE_FAMILY = "1,2";
				VALIDATE_PRODUCT = YES;
			};
			name = Release;
		};
		217A37FD155B542400201779 /* Debug */ = {
			isa = XCBuildConfiguration;
			buildSettings = {
				GCC_PRECOMPILE_PREFIX_HEADER = YES;
				GCC_PREFIX_HEADER = "Group4Project/Group4Project-Prefix.pch";
				INFOPLIST_FILE = "Group4Project/Group4Project-Info.plist";
				IPHONEOS_DEPLOYMENT_TARGET = 4.2;
				PRODUCT_NAME = "$(TARGET_NAME)";
				WRAPPER_EXTENSION = app;
			};
			name = Debug;
		};
		217A37FE155B542400201779 /* Release */ = {
			isa = XCBuildConfiguration;
			buildSettings = {
				GCC_PRECOMPILE_PREFIX_HEADER = YES;
				GCC_PREFIX_HEADER = "Group4Project/Group4Project-Prefix.pch";
				INFOPLIST_FILE = "Group4Project/Group4Project-Info.plist";
				IPHONEOS_DEPLOYMENT_TARGET = 4.2;
				PRODUCT_NAME = "$(TARGET_NAME)";
				WRAPPER_EXTENSION = app;
			};
			name = Release;
		};
		217A3800155B542400201779 /* Debug */ = {
			isa = XCBuildConfiguration;
			buildSettings = {
				BUNDLE_LOADER = "$(BUILT_PRODUCTS_DIR)/Group4Project.app/Group4Project";
				FRAMEWORK_SEARCH_PATHS = (
					"$(SDKROOT)/Developer/Library/Frameworks",
					"$(DEVELOPER_LIBRARY_DIR)/Frameworks",
				);
				GCC_PRECOMPILE_PREFIX_HEADER = YES;
				GCC_PREFIX_HEADER = "Group4Project/Group4Project-Prefix.pch";
				INFOPLIST_FILE = "Group4ProjectTests/Group4ProjectTests-Info.plist";
				PRODUCT_NAME = "$(TARGET_NAME)";
				TEST_HOST = "$(BUNDLE_LOADER)";
				WRAPPER_EXTENSION = octest;
			};
			name = Debug;
		};
		217A3801155B542400201779 /* Release */ = {
			isa = XCBuildConfiguration;
			buildSettings = {
				BUNDLE_LOADER = "$(BUILT_PRODUCTS_DIR)/Group4Project.app/Group4Project";
				FRAMEWORK_SEARCH_PATHS = (
					"$(SDKROOT)/Developer/Library/Frameworks",
					"$(DEVELOPER_LIBRARY_DIR)/Frameworks",
				);
				GCC_PRECOMPILE_PREFIX_HEADER = YES;
				GCC_PREFIX_HEADER = "Group4Project/Group4Project-Prefix.pch";
				INFOPLIST_FILE = "Group4ProjectTests/Group4ProjectTests-Info.plist";
				PRODUCT_NAME = "$(TARGET_NAME)";
				TEST_HOST = "$(BUNDLE_LOADER)";
				WRAPPER_EXTENSION = octest;
			};
			name = Release;
		};
/* End XCBuildConfiguration section */

/* Begin XCConfigurationList section */
		217A37C0155B542300201779 /* Build configuration list for PBXProject "Group4Project" */ = {
			isa = XCConfigurationList;
			buildConfigurations = (
				217A37FA155B542400201779 /* Debug */,
				217A37FB155B542400201779 /* Release */,
			);
			defaultConfigurationIsVisible = 0;
			defaultConfigurationName = Release;
		};
		217A37FC155B542400201779 /* Build configuration list for PBXNativeTarget "Group4Project" */ = {
			isa = XCConfigurationList;
			buildConfigurations = (
				217A37FD155B542400201779 /* Debug */,
				217A37FE155B542400201779 /* Release */,
			);
			defaultConfigurationIsVisible = 0;
			defaultConfigurationName = Release;
		};
		217A37FF155B542400201779 /* Build configuration list for PBXNativeTarget "Group4ProjectTests" */ = {
			isa = XCConfigurationList;
			buildConfigurations = (
				217A3800155B542400201779 /* Debug */,
				217A3801155B542400201779 /* Release */,
			);
			defaultConfigurationIsVisible = 0;
			defaultConfigurationName = Release;
		};
/* End XCConfigurationList section */
	};
	rootObject = 217A37BD155B542300201779 /* Project object */;
}
